
Microsoft Visual Studio Solution File, Format Version 12.00
# Visual Studio Version 16
VisualStudioVersion = 16.0.30114.105
MinimumVisualStudioVersion = 10.0.40219.1
Project("{FAE04EC0-301F-11D3-BF4B-00C04F79EFBC}") = "LojRipper", "LojRipper\LojRipper.csproj", "{9F9DBBB5-8F00-4B25-A6B5-BB3A0FCFE1B3}"
EndProject
Global
	GlobalSection(SolutionConfigurationPlatforms) = preSolution
		Debug|Any CPU = Debug|Any CPU
		Release|Any CPU = Release|Any CPU
	EndGlobalSection
	GlobalSection(ProjectConfigurationPlatforms) = postSolution
		{9F9DBBB5-8F00-4B25-A6B5-BB3A0FCFE1B3}.Debug|Any CPU.ActiveCfg = Debug|Any CPU
		{9F9DBBB5-8F00-4B25-A6B5-BB3A0FCFE1B3}.Debug|Any CPU.Build.0 = Debug|Any CPU
		{9F9DBBB5-8F00-4B25-A6B5-BB3A0FCFE1B3}.Release|Any CPU.ActiveCfg = Release|Any CPU
		{9F9DBBB5-8F00-4B25-A6B5-BB3A0FCFE1B3}.Release|Any CPU.Build.0 = Release|Any CPU
	EndGlobalSection
	GlobalSection(SolutionProperties) = preSolution
		HideSolutionNode = FALSE
	EndGlobalSection
	GlobalSection(ExtensibilityGlobals) = postSolution
		SolutionGuid = {17B8B0DF-2092-4E3E-B0D8-14201E24E69F}
	EndGlobalSection
EndGlobal
